
Microsoft Visual Studio Solution File, Format Version 12.00
# Visual Studio 15
VisualStudioVersion = 15.0.28307.902
MinimumVisualStudioVersion = 10.0.40219.1
Project("{FAE04EC0-301F-11D3-BF4B-00C04F79EFBC}") = "PR283_Assignment_2", "PR283_Assignment_2.csproj", "{61721C74-E951-45A8-9DAF-948DAB0E49A3}"
EndProject
Project("{FAE04EC0-301F-11D3-BF4B-00C04F79EFBC}") = "PR283_Ass2_UnitTest", "..\PR283_Ass2_UnitTest\PR283_Ass2_UnitTest.csproj", "{3C54E1D7-2BF9-4202-9DFD-647ABD9F5162}"
	ProjectSection(ProjectDependencies) = postProject
		{61721C74-E951-45A8-9DAF-948DAB0E49A3} = {61721C74-E951-45A8-9DAF-948DAB0E49A3}
	EndProjectSection
EndProject
Global
	GlobalSection(SolutionConfigurationPlatforms) = preSolution
		Debug|Any CPU = Debug|Any CPU
		Release|Any CPU = Release|Any CPU
	EndGlobalSection
	GlobalSection(ProjectConfigurationPlatforms) = postSolution
		{61721C74-E951-45A8-9DAF-948DAB0E49A3}.Debug|Any CPU.ActiveCfg = Debug|Any CPU
		{61721C74-E951-45A8-9DAF-948DAB0E49A3}.Debug|Any CPU.Build.0 = Debug|Any CPU
		{61721C74-E951-45A8-9DAF-948DAB0E49A3}.Release|Any CPU.ActiveCfg = Release|Any CPU
		{61721C74-E951-45A8-9DAF-948DAB0E49A3}.Release|Any CPU.Build.0 = Release|Any CPU
		{3C54E1D7-2BF9-4202-9DFD-647ABD9F5162}.Debug|Any CPU.ActiveCfg = Debug|Any CPU
		{3C54E1D7-2BF9-4202-9DFD-647ABD9F5162}.Debug|Any CPU.Build.0 = Debug|Any CPU
		{3C54E1D7-2BF9-4202-9DFD-647ABD9F5162}.Release|Any CPU.ActiveCfg = Release|Any CPU
		{3C54E1D7-2BF9-4202-9DFD-647ABD9F5162}.Release|Any CPU.Build.0 = Release|Any CPU
	EndGlobalSection
	GlobalSection(SolutionProperties) = preSolution
		HideSolutionNode = FALSE
	EndGlobalSection
	GlobalSection(ExtensibilityGlobals) = postSolution
		SolutionGuid = {A170EB23-82FF-41B2-A444-DBF41522C738}
	EndGlobalSection
EndGlobal
